
Microsoft Visual Studio Solution File, Format Version 12.00
# Visual Studio 2017
Project("{FAE04EC0-301F-11D3-BF4B-00C04F79EFBC}") = "longbow", "longbow.csproj", "{0E6808A0-CDC6-DD82-4C80-ADF38101B6F1}"
EndProject
Project("{FAE04EC0-301F-11D3-BF4B-00C04F79EFBC}") = "longbow.Editor", "longbow.Editor.csproj", "{0C8A5A4C-97FB-AB94-2E3F-AA305F769E88}"
EndProject
Global
	GlobalSection(SolutionConfigurationPlatforms) = preSolution
		Debug|Any CPU = Debug|Any CPU
		Release|Any CPU = Release|Any CPU
	EndGlobalSection
	GlobalSection(ProjectConfigurationPlatforms) = postSolution
		{0E6808A0-CDC6-DD82-4C80-ADF38101B6F1}.Debug|Any CPU.ActiveCfg = Debug|Any CPU
		{0E6808A0-CDC6-DD82-4C80-ADF38101B6F1}.Debug|Any CPU.Build.0 = Debug|Any CPU
		{0E6808A0-CDC6-DD82-4C80-ADF38101B6F1}.Release|Any CPU.ActiveCfg = Release|Any CPU
		{0E6808A0-CDC6-DD82-4C80-ADF38101B6F1}.Release|Any CPU.Build.0 = Release|Any CPU
		{0C8A5A4C-97FB-AB94-2E3F-AA305F769E88}.Debug|Any CPU.ActiveCfg = Debug|Any CPU
		{0C8A5A4C-97FB-AB94-2E3F-AA305F769E88}.Debug|Any CPU.Build.0 = Debug|Any CPU
		{0C8A5A4C-97FB-AB94-2E3F-AA305F769E88}.Release|Any CPU.ActiveCfg = Release|Any CPU
		{0C8A5A4C-97FB-AB94-2E3F-AA305F769E88}.Release|Any CPU.Build.0 = Release|Any CPU
	EndGlobalSection
	GlobalSection(SolutionProperties) = preSolution
		HideSolutionNode = FALSE
	EndGlobalSection
EndGlobal
