
Microsoft Visual Studio Solution File, Format Version 11.00
# Visual Studio 2010
Project("{FAE04EC0-301F-11D3-BF4B-00C04F79EFBC}") = "longbow", "Assembly-CSharp.csproj", "{83A6F7B6-67F6-6D2C-2974-B38CF23E8B5A}"
EndProject
Project("{FAE04EC0-301F-11D3-BF4B-00C04F79EFBC}") = "longbow", "Assembly-CSharp-Editor.csproj", "{716B1B76-C54A-15A4-4A67-BA7D188328E8}"
EndProject
Global
	GlobalSection(SolutionConfigurationPlatforms) = preSolution
		Debug|Any CPU = Debug|Any CPU
		Release|Any CPU = Release|Any CPU
	EndGlobalSection
	GlobalSection(ProjectConfigurationPlatforms) = postSolution
		{83A6F7B6-67F6-6D2C-2974-B38CF23E8B5A}.Debug|Any CPU.ActiveCfg = Debug|Any CPU
		{83A6F7B6-67F6-6D2C-2974-B38CF23E8B5A}.Debug|Any CPU.Build.0 = Debug|Any CPU
		{83A6F7B6-67F6-6D2C-2974-B38CF23E8B5A}.Release|Any CPU.ActiveCfg = Release|Any CPU
		{83A6F7B6-67F6-6D2C-2974-B38CF23E8B5A}.Release|Any CPU.Build.0 = Release|Any CPU
		{716B1B76-C54A-15A4-4A67-BA7D188328E8}.Debug|Any CPU.ActiveCfg = Debug|Any CPU
		{716B1B76-C54A-15A4-4A67-BA7D188328E8}.Debug|Any CPU.Build.0 = Debug|Any CPU
		{716B1B76-C54A-15A4-4A67-BA7D188328E8}.Release|Any CPU.ActiveCfg = Release|Any CPU
		{716B1B76-C54A-15A4-4A67-BA7D188328E8}.Release|Any CPU.Build.0 = Release|Any CPU
	EndGlobalSection
	GlobalSection(SolutionProperties) = preSolution
		HideSolutionNode = FALSE
	EndGlobalSection
	GlobalSection(MonoDevelopProperties) = preSolution
		StartupItem = Assembly-CSharp.csproj
	EndGlobalSection
EndGlobal
